// !$*UTF8*$!
{
	archiveVersion = 1;
	classes = {
	};
	objectVersion = 46;
	objects = {

/* Begin PBXBuildFile section */
		8943076D1D0B0AFA009ED983 /* AppDelegate.swift in Sources */ = {isa = PBXBuildFile; fileRef = 8943076C1D0B0AFA009ED983 /* AppDelegate.swift */; };
		8943076F1D0B0AFA009ED983 /* ViewController.swift in Sources */ = {isa = PBXBuildFile; fileRef = 8943076E1D0B0AFA009ED983 /* ViewController.swift */; };
		894307721D0B0AFA009ED983 /* Main.storyboard in Resources */ = {isa = PBXBuildFile; fileRef = 894307701D0B0AFA009ED983 /* Main.storyboard */; };
		894307741D0B0AFA009ED983 /* Assets.xcassets in Resources */ = {isa = PBXBuildFile; fileRef = 894307731D0B0AFA009ED983 /* Assets.xcassets */; };
		894307771D0B0AFA009ED983 /* LaunchScreen.storyboard in Resources */ = {isa = PBXBuildFile; fileRef = 894307751D0B0AFA009ED983 /* LaunchScreen.storyboard */; };
		894307821D0B0AFA009ED983 /* MazeTests.swift in Sources */ = {isa = PBXBuildFile; fileRef = 894307811D0B0AFA009ED983 /* MazeTests.swift */; };
		8943078D1D0B0AFA009ED983 /* MazeUITests.swift in Sources */ = {isa = PBXBuildFile; fileRef = 8943078C1D0B0AFA009ED983 /* MazeUITests.swift */; };
/* End PBXBuildFile section */

/* Begin PBXContainerItemProxy section */
		8943077E1D0B0AFA009ED983 /* PBXContainerItemProxy */ = {
			isa = PBXContainerItemProxy;
			containerPortal = 894307611D0B0AFA009ED983 /* Project object */;
			proxyType = 1;
			remoteGlobalIDString = 894307681D0B0AFA009ED983;
			remoteInfo = Maze;
		};
		894307891D0B0AFA009ED983 /* PBXContainerItemProxy */ = {
			isa = PBXContainerItemProxy;
			containerPortal = 894307611D0B0AFA009ED983 /* Project object */;
			proxyType = 1;
			remoteGlobalIDString = 894307681D0B0AFA009ED983;
			remoteInfo = Maze;
		};
/* End PBXContainerItemProxy section */

/* Begin PBXFileReference section */
		894307691D0B0AFA009ED983 /* Maze.app */ = {isa = PBXFileReference; explicitFileType = wrapper.application; includeInIndex = 0; path = Maze.app; sourceTree = BUILT_PRODUCTS_DIR; };
		8943076C1D0B0AFA009ED983 /* AppDelegate.swift */ = {isa = PBXFileReference; lastKnownFileType = sourcecode.swift; path = AppDelegate.swift; sourceTree = "<group>"; };
		8943076E1D0B0AFA009ED983 /* ViewController.swift */ = {isa = PBXFileReference; lastKnownFileType = sourcecode.swift; path = ViewController.swift; sourceTree = "<group>"; };
		894307711D0B0AFA009ED983 /* Base */ = {isa = PBXFileReference; lastKnownFileType = file.storyboard; name = Base; path = Base.lproj/Main.storyboard; sourceTree = "<group>"; };
		894307731D0B0AFA009ED983 /* Assets.xcassets */ = {isa = PBXFileReference; lastKnownFileType = folder.assetcatalog; path = Assets.xcassets; sourceTree = "<group>"; };
		894307761D0B0AFA009ED983 /* Base */ = {isa = PBXFileReference; lastKnownFileType = file.storyboard; name = Base; path = Base.lproj/LaunchScreen.storyboard; sourceTree = "<group>"; };
		894307781D0B0AFA009ED983 /* Info.plist */ = {isa = PBXFileReference; lastKnownFileType = text.plist.xml; path = Info.plist; sourceTree = "<group>"; };
		8943077D1D0B0AFA009ED983 /* MazeTests.xctest */ = {isa = PBXFileReference; explicitFileType = wrapper.cfbundle; includeInIndex = 0; path = MazeTests.xctest; sourceTree = BUILT_PRODUCTS_DIR; };
		894307811D0B0AFA009ED983 /* MazeTests.swift */ = {isa = PBXFileReference; lastKnownFileType = sourcecode.swift; path = MazeTests.swift; sourceTree = "<group>"; };
		894307831D0B0AFA009ED983 /* Info.plist */ = {isa = PBXFileReference; lastKnownFileType = text.plist.xml; path = Info.plist; sourceTree = "<group>"; };
		894307881D0B0AFA009ED983 /* MazeUITests.xctest */ = {isa = PBXFileReference; explicitFileType = wrapper.cfbundle; includeInIndex = 0; path = MazeUITests.xctest; sourceTree = BUILT_PRODUCTS_DIR; };
		8943078C1D0B0AFA009ED983 /* MazeUITests.swift */ = {isa = PBXFileReference; lastKnownFileType = sourcecode.swift; path = MazeUITests.swift; sourceTree = "<group>"; };
		8943078E1D0B0AFA009ED983 /* Info.plist */ = {isa = PBXFileReference; lastKnownFileType = text.plist.xml; path = Info.plist; sourceTree = "<group>"; };
/* End PBXFileReference section */

/* Begin PBXFrameworksBuildPhase section */
		894307661D0B0AFA009ED983 /* Frameworks */ = {
			isa = PBXFrameworksBuildPhase;
			buildActionMask = 2147483647;
			files = (
			);
			runOnlyForDeploymentPostprocessing = 0;
		};
		8943077A1D0B0AFA009ED983 /* Frameworks */ = {
			isa = PBXFrameworksBuildPhase;
			buildActionMask = 2147483647;
			files = (
			);
			runOnlyForDeploymentPostprocessing = 0;
		};
		894307851D0B0AFA009ED983 /* Frameworks */ = {
			isa = PBXFrameworksBuildPhase;
			buildActionMask = 2147483647;
			files = (
			);
			runOnlyForDeploymentPostprocessing = 0;
		};
/* End PBXFrameworksBuildPhase section */

/* Begin PBXGroup section */
		894307601D0B0AFA009ED983 = {
			isa = PBXGroup;
			children = (
				8943076B1D0B0AFA009ED983 /* Maze */,
				894307801D0B0AFA009ED983 /* MazeTests */,
				8943078B1D0B0AFA009ED983 /* MazeUITests */,
				8943076A1D0B0AFA009ED983 /* Products */,
			);
			sourceTree = "<group>";
		};
		8943076A1D0B0AFA009ED983 /* Products */ = {
			isa = PBXGroup;
			children = (
				894307691D0B0AFA009ED983 /* Maze.app */,
				8943077D1D0B0AFA009ED983 /* MazeTests.xctest */,
				894307881D0B0AFA009ED983 /* MazeUITests.xctest */,
			);
			name = Products;
			sourceTree = "<group>";
		};
		8943076B1D0B0AFA009ED983 /* Maze */ = {
			isa = PBXGroup;
			children = (
				8943076C1D0B0AFA009ED983 /* AppDelegate.swift */,
				8943076E1D0B0AFA009ED983 /* ViewController.swift */,
				894307701D0B0AFA009ED983 /* Main.storyboard */,
				894307731D0B0AFA009ED983 /* Assets.xcassets */,
				894307751D0B0AFA009ED983 /* LaunchScreen.storyboard */,
				894307781D0B0AFA009ED983 /* Info.plist */,
			);
			path = Maze;
			sourceTree = "<group>";
		};
		894307801D0B0AFA009ED983 /* MazeTests */ = {
			isa = PBXGroup;
			children = (
				894307811D0B0AFA009ED983 /* MazeTests.swift */,
				894307831D0B0AFA009ED983 /* Info.plist */,
			);
			path = MazeTests;
			sourceTree = "<group>";
		};
		8943078B1D0B0AFA009ED983 /* MazeUITests */ = {
			isa = PBXGroup;
			children = (
				8943078C1D0B0AFA009ED983 /* MazeUITests.swift */,
				8943078E1D0B0AFA009ED983 /* Info.plist */,
			);
			path = MazeUITests;
			sourceTree = "<group>";
		};
/* End PBXGroup section */

/* Begin PBXNativeTarget section */
		894307681D0B0AFA009ED983 /* Maze */ = {
			isa = PBXNativeTarget;
			buildConfigurationList = 894307911D0B0AFA009ED983 /* Build configuration list for PBXNativeTarget "Maze" */;
			buildPhases = (
				894307651D0B0AFA009ED983 /* Sources */,
				894307661D0B0AFA009ED983 /* Frameworks */,
				894307671D0B0AFA009ED983 /* Resources */,
			);
			buildRules = (
			);
			dependencies = (
			);
			name = Maze;
			productName = Maze;
			productReference = 894307691D0B0AFA009ED983 /* Maze.app */;
			productType = "com.apple.product-type.application";
		};
		8943077C1D0B0AFA009ED983 /* MazeTests */ = {
			isa = PBXNativeTarget;
			buildConfigurationList = 894307941D0B0AFA009ED983 /* Build configuration list for PBXNativeTarget "MazeTests" */;
			buildPhases = (
				894307791D0B0AFA009ED983 /* Sources */,
				8943077A1D0B0AFA009ED983 /* Frameworks */,
				8943077B1D0B0AFA009ED983 /* Resources */,
			);
			buildRules = (
			);
			dependencies = (
				8943077F1D0B0AFA009ED983 /* PBXTargetDependency */,
			);
			name = MazeTests;
			productName = MazeTests;
			productReference = 8943077D1D0B0AFA009ED983 /* MazeTests.xctest */;
			productType = "com.apple.product-type.bundle.unit-test";
		};
		894307871D0B0AFA009ED983 /* MazeUITests */ = {
			isa = PBXNativeTarget;
			buildConfigurationList = 894307971D0B0AFA009ED983 /* Build configuration list for PBXNativeTarget "MazeUITests" */;
			buildPhases = (
				894307841D0B0AFA009ED983 /* Sources */,
				894307851D0B0AFA009ED983 /* Frameworks */,
				894307861D0B0AFA009ED983 /* Resources */,
			);
			buildRules = (
			);
			dependencies = (
				8943078A1D0B0AFA009ED983 /* PBXTargetDependency */,
			);
			name = MazeUITests;
			productName = MazeUITests;
			productReference = 894307881D0B0AFA009ED983 /* MazeUITests.xctest */;
			productType = "com.apple.product-type.bundle.ui-testing";
		};
/* End PBXNativeTarget section */

/* Begin PBXProject section */
		894307611D0B0AFA009ED983 /* Project object */ = {
			isa = PBXProject;
			attributes = {
				LastSwiftUpdateCheck = 0730;
				LastUpgradeCheck = 0730;
				ORGANIZATIONNAME = "南伊織";
				TargetAttributes = {
					894307681D0B0AFA009ED983 = {
						CreatedOnToolsVersion = 7.3.1;
					};
					8943077C1D0B0AFA009ED983 = {
						CreatedOnToolsVersion = 7.3.1;
						TestTargetID = 894307681D0B0AFA009ED983;
					};
					894307871D0B0AFA009ED983 = {
						CreatedOnToolsVersion = 7.3.1;
						TestTargetID = 894307681D0B0AFA009ED983;
					};
				};
			};
			buildConfigurationList = 894307641D0B0AFA009ED983 /* Build configuration list for PBXProject "Maze" */;
			compatibilityVersion = "Xcode 3.2";
			developmentRegion = English;
			hasScannedForEncodings = 0;
			knownRegions = (
				en,
				Base,
			);
			mainGroup = 894307601D0B0AFA009ED983;
			productRefGroup = 8943076A1D0B0AFA009ED983 /* Products */;
			projectDirPath = "";
			projectRoot = "";
			targets = (
				894307681D0B0AFA009ED983 /* Maze */,
				8943077C1D0B0AFA009ED983 /* MazeTests */,
				894307871D0B0AFA009ED983 /* MazeUITests */,
			);
		};
/* End PBXProject section */

/* Begin PBXResourcesBuildPhase section */
		894307671D0B0AFA009ED983 /* Resources */ = {
			isa = PBXResourcesBuildPhase;
			buildActionMask = 2147483647;
			files = (
				894307771D0B0AFA009ED983 /* LaunchScreen.storyboard in Resources */,
				894307741D0B0AFA009ED983 /* Assets.xcassets in Resources */,
				894307721D0B0AFA009ED983 /* Main.storyboard in Resources */,
			);
			runOnlyForDeploymentPostprocessing = 0;
		};
		8943077B1D0B0AFA009ED983 /* Resources */ = {
			isa = PBXResourcesBuildPhase;
			buildActionMask = 2147483647;
			files = (
			);
			runOnlyForDeploymentPostprocessing = 0;
		};
		894307861D0B0AFA009ED983 /* Resources */ = {
			isa = PBXResourcesBuildPhase;
			buildActionMask = 2147483647;
			files = (
			);
			runOnlyForDeploymentPostprocessing = 0;
		};
/* End PBXResourcesBuildPhase section */

/* Begin PBXSourcesBuildPhase section */
		894307651D0B0AFA009ED983 /* Sources */ = {
			isa = PBXSourcesBuildPhase;
			buildActionMask = 2147483647;
			files = (
				8943076F1D0B0AFA009ED983 /* ViewController.swift in Sources */,
				8943076D1D0B0AFA009ED983 /* AppDelegate.swift in Sources */,
			);
			runOnlyForDeploymentPostprocessing = 0;
		};
		894307791D0B0AFA009ED983 /* Sources */ = {
			isa = PBXSourcesBuildPhase;
			buildActionMask = 2147483647;
			files = (
				894307821D0B0AFA009ED983 /* MazeTests.swift in Sources */,
			);
			runOnlyForDeploymentPostprocessing = 0;
		};
		894307841D0B0AFA009ED983 /* Sources */ = {
			isa = PBXSourcesBuildPhase;
			buildActionMask = 2147483647;
			files = (
				8943078D1D0B0AFA009ED983 /* MazeUITests.swift in Sources */,
			);
			runOnlyForDeploymentPostprocessing = 0;
		};
/* End PBXSourcesBuildPhase section */

/* Begin PBXTargetDependency section */
		8943077F1D0B0AFA009ED983 /* PBXTargetDependency */ = {
			isa = PBXTargetDependency;
			target = 894307681D0B0AFA009ED983 /* Maze */;
			targetProxy = 8943077E1D0B0AFA009ED983 /* PBXContainerItemProxy */;
		};
		8943078A1D0B0AFA009ED983 /* PBXTargetDependency */ = {
			isa = PBXTargetDependency;
			target = 894307681D0B0AFA009ED983 /* Maze */;
			targetProxy = 894307891D0B0AFA009ED983 /* PBXContainerItemProxy */;
		};
/* End PBXTargetDependency section */

/* Begin PBXVariantGroup section */
		894307701D0B0AFA009ED983 /* Main.storyboard */ = {
			isa = PBXVariantGroup;
			children = (
				894307711D0B0AFA009ED983 /* Base */,
			);
			name = Main.storyboard;
			sourceTree = "<group>";
		};
		894307751D0B0AFA009ED983 /* LaunchScreen.storyboard */ = {
			isa = PBXVariantGroup;
			children = (
				894307761D0B0AFA009ED983 /* Base */,
			);
			name = LaunchScreen.storyboard;
			sourceTree = "<group>";
		};
/* End PBXVariantGroup section */

/* Begin XCBuildConfiguration section */
		8943078F1D0B0AFA009ED983 /* Debug */ = {
			isa = XCBuildConfiguration;
			buildSettings = {
				ALWAYS_SEARCH_USER_PATHS = NO;
				CLANG_ANALYZER_NONNULL = YES;
				CLANG_CXX_LANGUAGE_STANDARD = "gnu++0x";
				CLANG_CXX_LIBRARY = "libc++";
				CLANG_ENABLE_MODULES = YES;
				CLANG_ENABLE_OBJC_ARC = YES;
				CLANG_WARN_BOOL_CONVERSION = YES;
				CLANG_WARN_CONSTANT_CONVERSION = YES;
				CLANG_WARN_DIRECT_OBJC_ISA_USAGE = YES_ERROR;
				CLANG_WARN_EMPTY_BODY = YES;
				CLANG_WARN_ENUM_CONVERSION = YES;
				CLANG_WARN_INT_CONVERSION = YES;
				CLANG_WARN_OBJC_ROOT_CLASS = YES_ERROR;
				CLANG_WARN_UNREACHABLE_CODE = YES;
				CLANG_WARN__DUPLICATE_METHOD_MATCH = YES;
				"CODE_SIGN_IDENTITY[sdk=iphoneos*]" = "iPhone Developer";
				COPY_PHASE_STRIP = NO;
				DEBUG_INFORMATION_FORMAT = dwarf;
				ENABLE_STRICT_OBJC_MSGSEND = YES;
				ENABLE_TESTABILITY = YES;
				GCC_C_LANGUAGE_STANDARD = gnu99;
				GCC_DYNAMIC_NO_PIC = NO;
				GCC_NO_COMMON_BLOCKS = YES;
				GCC_OPTIMIZATION_LEVEL = 0;
				GCC_PREPROCESSOR_DEFINITIONS = (
					"DEBUG=1",
					"$(inherited)",
				);
				GCC_WARN_64_TO_32_BIT_CONVERSION = YES;
				GCC_WARN_ABOUT_RETURN_TYPE = YES_ERROR;
				GCC_WARN_UNDECLARED_SELECTOR = YES;
				GCC_WARN_UNINITIALIZED_AUTOS = YES_AGGRESSIVE;
				GCC_WARN_UNUSED_FUNCTION = YES;
				GCC_WARN_UNUSED_VARIABLE = YES;
				IPHONEOS_DEPLOYMENT_TARGET = 9.3;
				MTL_ENABLE_DEBUG_INFO = YES;
				ONLY_ACTIVE_ARCH = YES;
				SDKROOT = iphoneos;
				SWIFT_OPTIMIZATION_LEVEL = "-Onone";
				TARGETED_DEVICE_FAMILY = "1,2";
			};
			name = Debug;
		};
		894307901D0B0AFA009ED983 /* Release */ = {
			isa = XCBuildConfiguration;
			buildSettings = {
				ALWAYS_SEARCH_USER_PATHS = NO;
				CLANG_ANALYZER_NONNULL = YES;
				CLANG_CXX_LANGUAGE_STANDARD = "gnu++0x";
				CLANG_CXX_LIBRARY = "libc++";
				CLANG_ENABLE_MODULES = YES;
				CLANG_ENABLE_OBJC_ARC = YES;
				CLANG_WARN_BOOL_CONVERSION = YES;
				CLANG_WARN_CONSTANT_CONVERSION = YES;
				CLANG_WARN_DIRECT_OBJC_ISA_USAGE = YES_ERROR;
				CLANG_WARN_EMPTY_BODY = YES;
				CLANG_WARN_ENUM_CONVERSION = YES;
				CLANG_WARN_INT_CONVERSION = YES;
				CLANG_WARN_OBJC_ROOT_CLASS = YES_ERROR;
				CLANG_WARN_UNREACHABLE_CODE = YES;
				CLANG_WARN__DUPLICATE_METHOD_MATCH = YES;
				"CODE_SIGN_IDENTITY[sdk=iphoneos*]" = "iPhone Developer";
				COPY_PHASE_STRIP = NO;
				DEBUG_INFORMATION_FORMAT = "dwarf-with-dsym";
				ENABLE_NS_ASSERTIONS = NO;
				ENABLE_STRICT_OBJC_MSGSEND = YES;
				GCC_C_LANGUAGE_STANDARD = gnu99;
				GCC_NO_COMMON_BLOCKS = YES;
				GCC_WARN_64_TO_32_BIT_CONVERSION = YES;
				GCC_WARN_ABOUT_RETURN_TYPE = YES_ERROR;
				GCC_WARN_UNDECLARED_SELECTOR = YES;
				GCC_WARN_UNINITIALIZED_AUTOS = YES_AGGRESSIVE;
				GCC_WARN_UNUSED_FUNCTION = YES;
				GCC_WARN_UNUSED_VARIABLE = YES;
				IPHONEOS_DEPLOYMENT_TARGET = 9.3;
				MTL_ENABLE_DEBUG_INFO = NO;
				SDKROOT = iphoneos;
				TARGETED_DEVICE_FAMILY = "1,2";
				VALIDATE_PRODUCT = YES;
			};
			name = Release;
		};
		894307921D0B0AFA009ED983 /* Debug */ = {
			isa = XCBuildConfiguration;
			buildSettings = {
				ASSETCATALOG_COMPILER_APPICON_NAME = AppIcon;
				INFOPLIST_FILE = Maze/Info.plist;
				LD_RUNPATH_SEARCH_PATHS = "$(inherited) @executable_path/Frameworks";
				PRODUCT_BUNDLE_IDENTIFIER = LiT.Maze;
				PRODUCT_NAME = "$(TARGET_NAME)";
			};
			name = Debug;
		};
		894307931D0B0AFA009ED983 /* Release */ = {
			isa = XCBuildConfiguration;
			buildSettings = {
				ASSETCATALOG_COMPILER_APPICON_NAME = AppIcon;
				INFOPLIST_FILE = Maze/Info.plist;
				LD_RUNPATH_SEARCH_PATHS = "$(inherited) @executable_path/Frameworks";
				PRODUCT_BUNDLE_IDENTIFIER = LiT.Maze;
				PRODUCT_NAME = "$(TARGET_NAME)";
			};
			name = Release;
		};
		894307951D0B0AFA009ED983 /* Debug */ = {
			isa = XCBuildConfiguration;
			buildSettings = {
				BUNDLE_LOADER = "$(TEST_HOST)";
				INFOPLIST_FILE = MazeTests/Info.plist;
				LD_RUNPATH_SEARCH_PATHS = "$(inherited) @executable_path/Frameworks @loader_path/Frameworks";
				PRODUCT_BUNDLE_IDENTIFIER = LiT.MazeTests;
				PRODUCT_NAME = "$(TARGET_NAME)";
				TEST_HOST = "$(BUILT_PRODUCTS_DIR)/Maze.app/Maze";
			};
			name = Debug;
		};
		894307961D0B0AFA009ED983 /* Release */ = {
			isa = XCBuildConfiguration;
			buildSettings = {
				BUNDLE_LOADER = "$(TEST_HOST)";
				INFOPLIST_FILE = MazeTests/Info.plist;
				LD_RUNPATH_SEARCH_PATHS = "$(inherited) @executable_path/Frameworks @loader_path/Frameworks";
				PRODUCT_BUNDLE_IDENTIFIER = LiT.MazeTests;
				PRODUCT_NAME = "$(TARGET_NAME)";
				TEST_HOST = "$(BUILT_PRODUCTS_DIR)/Maze.app/Maze";
			};
			name = Release;
		};
		894307981D0B0AFA009ED983 /* Debug */ = {
			isa = XCBuildConfiguration;
			buildSettings = {
				INFOPLIST_FILE = MazeUITests/Info.plist;
				LD_RUNPATH_SEARCH_PATHS = "$(inherited) @executable_path/Frameworks @loader_path/Frameworks";
				PRODUCT_BUNDLE_IDENTIFIER = LiT.MazeUITests;
				PRODUCT_NAME = "$(TARGET_NAME)";
				TEST_TARGET_NAME = Maze;
			};
			name = Debug;
		};
		894307991D0B0AFA009ED983 /* Release */ = {
			isa = XCBuildConfiguration;
			buildSettings = {
				INFOPLIST_FILE = MazeUITests/Info.plist;
				LD_RUNPATH_SEARCH_PATHS = "$(inherited) @executable_path/Frameworks @loader_path/Frameworks";
				PRODUCT_BUNDLE_IDENTIFIER = LiT.MazeUITests;
				PRODUCT_NAME = "$(TARGET_NAME)";
				TEST_TARGET_NAME = Maze;
			};
			name = Release;
		};
/* End XCBuildConfiguration section */

/* Begin XCConfigurationList section */
		894307641D0B0AFA009ED983 /* Build configuration list for PBXProject "Maze" */ = {
			isa = XCConfigurationList;
			buildConfigurations = (
				8943078F1D0B0AFA009ED983 /* Debug */,
				894307901D0B0AFA009ED983 /* Release */,
			);
			defaultConfigurationIsVisible = 0;
			defaultConfigurationName = Release;
		};
		894307911D0B0AFA009ED983 /* Build configuration list for PBXNativeTarget "Maze" */ = {
			isa = XCConfigurationList;
			buildConfigurations = (
				894307921D0B0AFA009ED983 /* Debug */,
				894307931D0B0AFA009ED983 /* Release */,
			);
			defaultConfigurationIsVisible = 0;
		};
		894307941D0B0AFA009ED983 /* Build configuration list for PBXNativeTarget "MazeTests" */ = {
			isa = XCConfigurationList;
			buildConfigurations = (
				894307951D0B0AFA009ED983 /* Debug */,
				894307961D0B0AFA009ED983 /* Release */,
			);
			defaultConfigurationIsVisible = 0;
		};
		894307971D0B0AFA009ED983 /* Build configuration list for PBXNativeTarget "MazeUITests" */ = {
			isa = XCConfigurationList;
			buildConfigurations = (
				894307981D0B0AFA009ED983 /* Debug */,
				894307991D0B0AFA009ED983 /* Release */,
			);
			defaultConfigurationIsVisible = 0;
		};
/* End XCConfigurationList section */
	};
	rootObject = 894307611D0B0AFA009ED983 /* Project object */;
}
